
Microsoft Visual Studio Solution File, Format Version 12.00
# Visual Studio Version 16
VisualStudioVersion = 16.0.808.6
MinimumVisualStudioVersion = 10.0.40219.1
Project("{FAE04EC0-301F-11D3-BF4B-00C04F79EFBC}") = "Quarto4", "Quarto4\Quarto4.csproj", "{78DF150B-B6E9-4004-A07E-CD5D53639F85}"
EndProject
Global
	GlobalSection(SolutionConfigurationPlatforms) = preSolution
		Debug|Any CPU = Debug|Any CPU
		Release|Any CPU = Release|Any CPU
	EndGlobalSection
	GlobalSection(ProjectConfigurationPlatforms) = postSolution
		{78DF150B-B6E9-4004-A07E-CD5D53639F85}.Debug|Any CPU.ActiveCfg = Debug|Any CPU
		{78DF150B-B6E9-4004-A07E-CD5D53639F85}.Debug|Any CPU.Build.0 = Debug|Any CPU
		{78DF150B-B6E9-4004-A07E-CD5D53639F85}.Release|Any CPU.ActiveCfg = Release|Any CPU
		{78DF150B-B6E9-4004-A07E-CD5D53639F85}.Release|Any CPU.Build.0 = Release|Any CPU
	EndGlobalSection
	GlobalSection(SolutionProperties) = preSolution
		HideSolutionNode = FALSE
	EndGlobalSection
	GlobalSection(ExtensibilityGlobals) = postSolution
		SolutionGuid = {FD8EB435-AC9B-44FD-9991-FD9F85B23771}
	EndGlobalSection
EndGlobal
