
Microsoft Visual Studio Solution File, Format Version 12.00
# Visual Studio Version 16
VisualStudioVersion = 16.0.808.6
MinimumVisualStudioVersion = 10.0.40219.1
Project("{FAE04EC0-301F-11D3-BF4B-00C04F79EFBC}") = "Quarto_neuralNet", "Quarto_neuralNet\Quarto_neuralNet.csproj", "{FF82B5B4-B897-4C73-8763-A66115B5C13B}"
EndProject
Global
	GlobalSection(SolutionConfigurationPlatforms) = preSolution
		Debug|Any CPU = Debug|Any CPU
		Release|Any CPU = Release|Any CPU
	EndGlobalSection
	GlobalSection(ProjectConfigurationPlatforms) = postSolution
		{FF82B5B4-B897-4C73-8763-A66115B5C13B}.Debug|Any CPU.ActiveCfg = Debug|Any CPU
		{FF82B5B4-B897-4C73-8763-A66115B5C13B}.Debug|Any CPU.Build.0 = Debug|Any CPU
		{FF82B5B4-B897-4C73-8763-A66115B5C13B}.Release|Any CPU.ActiveCfg = Release|Any CPU
		{FF82B5B4-B897-4C73-8763-A66115B5C13B}.Release|Any CPU.Build.0 = Release|Any CPU
	EndGlobalSection
	GlobalSection(SolutionProperties) = preSolution
		HideSolutionNode = FALSE
	EndGlobalSection
	GlobalSection(ExtensibilityGlobals) = postSolution
		SolutionGuid = {F463AECD-9D6D-4A2C-8635-B5B24D9AA358}
	EndGlobalSection
EndGlobal
